
Microsoft Visual Studio Solution File, Format Version 12.00
# Visual Studio 15
VisualStudioVersion = 15.0.27130.2036
MinimumVisualStudioVersion = 10.0.40219.1
Project("{2150E333-8FDC-42A3-9474-1A3956D46DE8}") = "Samples", "Samples", "{B124E22D-BC49-4254-A641-37F1FD2B58F8}"
EndProject
Project("{2150E333-8FDC-42A3-9474-1A3956D46DE8}") = "CSharp", "CSharp", "{0F4187B8-D34E-475D-8656-06F739E31DB3}"
EndProject
Project("{2150E333-8FDC-42A3-9474-1A3956D46DE8}") = "Solution Items", "Solution Items", "{25C1939B-CD65-4D67-B219-1499A6B6B90F}"
	ProjectSection(SolutionItems) = preProject
		Directory.Build.props = Directory.Build.props
		README.md = README.md
	EndProjectSection
EndProject
Project("{9A19103F-16F7-4668-BE54-9A1E7A4F7556}") = "AlphaTab.JavaScript", "Source\AlphaTab.JavaScript\AlphaTab.JavaScript.csproj", "{5CFB12FE-A2FC-4688-ACB8-D68C2849F456}"
EndProject
Project("{9A19103F-16F7-4668-BE54-9A1E7A4F7556}") = "AlphaTab.Samples.PngDump", "Samples\CSharp\AlphaTab.Samples.PngDump\AlphaTab.Samples.PngDump.csproj", "{CE8D9CE7-CC4F-403D-BA8E-7480138F6C23}"
EndProject
Project("{9A19103F-16F7-4668-BE54-9A1E7A4F7556}") = "AlphaTab.Samples.ScoreDump", "Samples\CSharp\AlphaTab.Samples.ScoreDump\AlphaTab.Samples.ScoreDump.csproj", "{C4C50EF4-3B08-4602-A776-846830FBF510}"
EndProject
Project("{9A19103F-16F7-4668-BE54-9A1E7A4F7556}") = "AlphaTab.Samples.WinForms", "Samples\CSharp\AlphaTab.Samples.WinForms\AlphaTab.Samples.WinForms.csproj", "{5FFAB560-4428-43B6-B893-C869E9220D76}"
EndProject
Project("{9A19103F-16F7-4668-BE54-9A1E7A4F7556}") = "AlphaTab.Samples.Wpf", "Samples\CSharp\AlphaTab.Samples.Wpf\AlphaTab.Samples.Wpf.csproj", "{30FEEA12-2E8E-4077-8C21-D8E5CD56B800}"
EndProject
Project("{D954291E-2A0B-460D-934E-DC6B0785DB48}") = "AlphaTab.Test", "Source\AlphaTab.Test\AlphaTab.Test.shproj", "{CE43D0C5-8A17-4F8F-9623-3A7A52AD02F4}"
EndProject
Project("{9A19103F-16F7-4668-BE54-9A1E7A4F7556}") = "AlphaTab.Test.Js", "Source\AlphaTab.Test.Js\AlphaTab.Test.Js.csproj", "{CFE77A13-5BC1-4287-A5A3-CD69ECDDFAA5}"
EndProject
Project("{9A19103F-16F7-4668-BE54-9A1E7A4F7556}") = "AlphaTab.Test.CSharp", "Source\AlphaTab.Test.CSharp\AlphaTab.Test.CSharp.csproj", "{B58BDC1C-566A-473E-B755-67567251D5FD}"
EndProject
Project("{9A19103F-16F7-4668-BE54-9A1E7A4F7556}") = "AlphaTab.CSharp", "Source\AlphaTab.CSharp\AlphaTab.CSharp.csproj", "{BCC950EA-7465-47FC-A7AF-E733B55EC91F}"
EndProject
Project("{2150E333-8FDC-42A3-9474-1A3956D46DE8}") = "Test", "Test", "{4642B107-04FE-4777-AA50-667A6A7E6C09}"
EndProject
Project("{9A19103F-16F7-4668-BE54-9A1E7A4F7556}") = "AlphaTab.Samples.Player", "Samples\CSharp\AlphaTab.Samples.Player\AlphaTab.Samples.Player.csproj", "{52B2CA3F-0CCF-45E2-96C6-223F6CE01070}"
EndProject
Project("{D954291E-2A0B-460D-934E-DC6B0785DB48}") = "AlphaTab.Shared", "Source\AlphaTab\AlphaTab.Shared.shproj", "{8083B3BC-0681-47F2-9FBF-A5C96107F538}"
EndProject
Global
	GlobalSection(SharedMSBuildProjectFiles) = preSolution
		Source\AlphaTab\AlphaTab.Shared.projitems*{8083b3bc-0681-47f2-9fbf-a5c96107f538}*SharedItemsImports = 13
		Source\AlphaTab.Test\AlphaTab.Test.projitems*{ce43d0c5-8a17-4f8f-9623-3a7a52ad02f4}*SharedItemsImports = 13
	EndGlobalSection
	GlobalSection(SolutionConfigurationPlatforms) = preSolution
		Debug|Any CPU = Debug|Any CPU
		Release|Any CPU = Release|Any CPU
	EndGlobalSection
	GlobalSection(ProjectConfigurationPlatforms) = postSolution
		{5CFB12FE-A2FC-4688-ACB8-D68C2849F456}.Debug|Any CPU.ActiveCfg = Debug|Any CPU
		{5CFB12FE-A2FC-4688-ACB8-D68C2849F456}.Debug|Any CPU.Build.0 = Debug|Any CPU
		{5CFB12FE-A2FC-4688-ACB8-D68C2849F456}.Release|Any CPU.ActiveCfg = Release|Any CPU
		{5CFB12FE-A2FC-4688-ACB8-D68C2849F456}.Release|Any CPU.Build.0 = Release|Any CPU
		{CE8D9CE7-CC4F-403D-BA8E-7480138F6C23}.Debug|Any CPU.ActiveCfg = Debug|Any CPU
		{CE8D9CE7-CC4F-403D-BA8E-7480138F6C23}.Debug|Any CPU.Build.0 = Debug|Any CPU
		{CE8D9CE7-CC4F-403D-BA8E-7480138F6C23}.Release|Any CPU.ActiveCfg = Release|Any CPU
		{CE8D9CE7-CC4F-403D-BA8E-7480138F6C23}.Release|Any CPU.Build.0 = Release|Any CPU
		{C4C50EF4-3B08-4602-A776-846830FBF510}.Debug|Any CPU.ActiveCfg = Debug|Any CPU
		{C4C50EF4-3B08-4602-A776-846830FBF510}.Debug|Any CPU.Build.0 = Debug|Any CPU
		{C4C50EF4-3B08-4602-A776-846830FBF510}.Release|Any CPU.ActiveCfg = Release|Any CPU
		{C4C50EF4-3B08-4602-A776-846830FBF510}.Release|Any CPU.Build.0 = Release|Any CPU
		{5FFAB560-4428-43B6-B893-C869E9220D76}.Debug|Any CPU.ActiveCfg = Debug|Any CPU
		{5FFAB560-4428-43B6-B893-C869E9220D76}.Debug|Any CPU.Build.0 = Debug|Any CPU
		{5FFAB560-4428-43B6-B893-C869E9220D76}.Release|Any CPU.ActiveCfg = Release|Any CPU
		{5FFAB560-4428-43B6-B893-C869E9220D76}.Release|Any CPU.Build.0 = Release|Any CPU
		{30FEEA12-2E8E-4077-8C21-D8E5CD56B800}.Debug|Any CPU.ActiveCfg = Debug|Any CPU
		{30FEEA12-2E8E-4077-8C21-D8E5CD56B800}.Debug|Any CPU.Build.0 = Debug|Any CPU
		{30FEEA12-2E8E-4077-8C21-D8E5CD56B800}.Release|Any CPU.ActiveCfg = Release|Any CPU
		{30FEEA12-2E8E-4077-8C21-D8E5CD56B800}.Release|Any CPU.Build.0 = Release|Any CPU
		{CFE77A13-5BC1-4287-A5A3-CD69ECDDFAA5}.Debug|Any CPU.ActiveCfg = Debug|Any CPU
		{CFE77A13-5BC1-4287-A5A3-CD69ECDDFAA5}.Debug|Any CPU.Build.0 = Debug|Any CPU
		{CFE77A13-5BC1-4287-A5A3-CD69ECDDFAA5}.Release|Any CPU.ActiveCfg = Release|Any CPU
		{CFE77A13-5BC1-4287-A5A3-CD69ECDDFAA5}.Release|Any CPU.Build.0 = Release|Any CPU
		{B58BDC1C-566A-473E-B755-67567251D5FD}.Debug|Any CPU.ActiveCfg = Debug|Any CPU
		{B58BDC1C-566A-473E-B755-67567251D5FD}.Debug|Any CPU.Build.0 = Debug|Any CPU
		{B58BDC1C-566A-473E-B755-67567251D5FD}.Release|Any CPU.ActiveCfg = Release|Any CPU
		{B58BDC1C-566A-473E-B755-67567251D5FD}.Release|Any CPU.Build.0 = Release|Any CPU
		{BCC950EA-7465-47FC-A7AF-E733B55EC91F}.Debug|Any CPU.ActiveCfg = Debug|Any CPU
		{BCC950EA-7465-47FC-A7AF-E733B55EC91F}.Debug|Any CPU.Build.0 = Debug|Any CPU
		{BCC950EA-7465-47FC-A7AF-E733B55EC91F}.Release|Any CPU.ActiveCfg = Release|Any CPU
		{BCC950EA-7465-47FC-A7AF-E733B55EC91F}.Release|Any CPU.Build.0 = Release|Any CPU
		{52B2CA3F-0CCF-45E2-96C6-223F6CE01070}.Debug|Any CPU.ActiveCfg = Debug|Any CPU
		{52B2CA3F-0CCF-45E2-96C6-223F6CE01070}.Debug|Any CPU.Build.0 = Debug|Any CPU
		{52B2CA3F-0CCF-45E2-96C6-223F6CE01070}.Release|Any CPU.ActiveCfg = Release|Any CPU
		{52B2CA3F-0CCF-45E2-96C6-223F6CE01070}.Release|Any CPU.Build.0 = Release|Any CPU
	EndGlobalSection
	GlobalSection(SolutionProperties) = preSolution
		HideSolutionNode = FALSE
	EndGlobalSection
	GlobalSection(NestedProjects) = preSolution
		{0F4187B8-D34E-475D-8656-06F739E31DB3} = {B124E22D-BC49-4254-A641-37F1FD2B58F8}
		{CE8D9CE7-CC4F-403D-BA8E-7480138F6C23} = {0F4187B8-D34E-475D-8656-06F739E31DB3}
		{C4C50EF4-3B08-4602-A776-846830FBF510} = {0F4187B8-D34E-475D-8656-06F739E31DB3}
		{5FFAB560-4428-43B6-B893-C869E9220D76} = {0F4187B8-D34E-475D-8656-06F739E31DB3}
		{30FEEA12-2E8E-4077-8C21-D8E5CD56B800} = {0F4187B8-D34E-475D-8656-06F739E31DB3}
		{CE43D0C5-8A17-4F8F-9623-3A7A52AD02F4} = {4642B107-04FE-4777-AA50-667A6A7E6C09}
		{CFE77A13-5BC1-4287-A5A3-CD69ECDDFAA5} = {4642B107-04FE-4777-AA50-667A6A7E6C09}
		{B58BDC1C-566A-473E-B755-67567251D5FD} = {4642B107-04FE-4777-AA50-667A6A7E6C09}
		{52B2CA3F-0CCF-45E2-96C6-223F6CE01070} = {0F4187B8-D34E-475D-8656-06F739E31DB3}
	EndGlobalSection
	GlobalSection(ExtensibilityGlobals) = postSolution
		SolutionGuid = {EF4712C6-0213-4DDD-B176-D564038D0F3E}
	EndGlobalSection
EndGlobal
