
Microsoft Visual Studio Solution File, Format Version 12.00
# Visual Studio 14
VisualStudioVersion = 14.0.22609.0
MinimumVisualStudioVersion = 10.0.40219.1
Project("{2150E333-8FDC-42A3-9474-1A3956D46DE8}") = "Samples", "Samples", "{B124E22D-BC49-4254-A641-37F1FD2B58F8}"
EndProject
Project("{FAE04EC0-301F-11D3-BF4B-00C04F79EFBC}") = "AlphaTab.Test", "Source\AlphaTab.Test\AlphaTab.Test.csproj", "{5E999D26-CC10-4531-9253-88EB8B6DF0D6}"
EndProject
Project("{2150E333-8FDC-42A3-9474-1A3956D46DE8}") = "CSharp", "CSharp", "{0F4187B8-D34E-475D-8656-06F739E31DB3}"
EndProject
Project("{FAE04EC0-301F-11D3-BF4B-00C04F79EFBC}") = "AlphaTab.WinForms", "Samples\CSharp\AlphaTab.WinForms\AlphaTab.WinForms.csproj", "{5FFAB560-4428-43B6-B893-C869E9220D76}"
EndProject
Project("{FAE04EC0-301F-11D3-BF4B-00C04F79EFBC}") = "AlphaTab.MidiDump", "Samples\CSharp\AlphaTab.MidiDump\AlphaTab.MidiDump.csproj", "{4DF96479-E5B5-4F2F-AE14-C10AE0834934}"
EndProject
Project("{FAE04EC0-301F-11D3-BF4B-00C04F79EFBC}") = "AlphaTab.PngDump", "Samples\CSharp\AlphaTab.PngDump\AlphaTab.PngDump.csproj", "{CE8D9CE7-CC4F-403D-BA8E-7480138F6C23}"
EndProject
Project("{FAE04EC0-301F-11D3-BF4B-00C04F79EFBC}") = "AlphaTab.ScoreDump", "Samples\CSharp\AlphaTab.ScoreDump\AlphaTab.ScoreDump.csproj", "{C4C50EF4-3B08-4602-A776-846830FBF510}"
EndProject
Project("{FAE04EC0-301F-11D3-BF4B-00C04F79EFBC}") = "AlphaTab.SvgDump", "Samples\CSharp\AlphaTab.SvgDump\AlphaTab.SvgDump.csproj", "{353CA842-E917-4D69-A028-631958F72D4F}"
EndProject
Project("{2150E333-8FDC-42A3-9474-1A3956D46DE8}") = "Solution Items", "Solution Items", "{25C1939B-CD65-4D67-B219-1499A6B6B90F}"
	ProjectSection(SolutionItems) = preProject
		Build\JavaScript\AlphaTab.css = Build\JavaScript\AlphaTab.css
		Build\JavaScript\jquery.alphaTab.js = Build\JavaScript\jquery.alphaTab.js
	EndProjectSection
EndProject
Project("{2150E333-8FDC-42A3-9474-1A3956D46DE8}") = "Tools", "Tools", "{49FB227C-950C-49E1-8740-0ABBC3FF2942}"
EndProject
Project("{FAE04EC0-301F-11D3-BF4B-00C04F79EFBC}") = "WebFontGenerator", "Tools\WebFontGenerator\WebFontGenerator.csproj", "{A3F4711F-F386-43DD-8E6E-E7CE8B1F0B4C}"
EndProject
Project("{FAE04EC0-301F-11D3-BF4B-00C04F79EFBC}") = "FontGlyphExtractor", "Tools\FontGlyphExtractor\FontGlyphExtractor.csproj", "{D67B7435-D59C-40C6-B888-9DDD32740C98}"
EndProject
Project("{FAE04EC0-301F-11D3-BF4B-00C04F79EFBC}") = "Base64ToFile", "Tools\Base64ToFile\Base64ToFile.csproj", "{29979A58-2622-4B55-890C-115D245F591B}"
EndProject
Project("{D954291E-2A0B-460D-934E-DC6B0785DB48}") = "AlphaTab", "Source\AlphaTab\AlphaTab.shproj", "{8083B3BC-0681-47F2-9FBF-A5C96107F538}"
EndProject
Project("{FAE04EC0-301F-11D3-BF4B-00C04F79EFBC}") = "AlphaTab.CSharp", "Source\AlphaTab.CSharp\AlphaTab.CSharp.csproj", "{ABA04EBE-36B2-469D-A025-16BA6131818E}"
EndProject
Project("{FAE04EC0-301F-11D3-BF4B-00C04F79EFBC}") = "AlphaTab.JavaScript", "Source\AlphaTab.JavaScript\AlphaTab.JavaScript.csproj", "{5CFB12FE-A2FC-4688-ACB8-D68C2849F456}"
EndProject
Project("{FAE04EC0-301F-11D3-BF4B-00C04F79EFBC}") = "AlphaTab.Wpf", "Samples\CSharp\AlphaTab.Wpf\AlphaTab.Wpf.csproj", "{30FEEA12-2E8E-4077-8C21-D8E5CD56B800}"
EndProject
Global
	GlobalSection(SharedMSBuildProjectFiles) = preSolution
		Source\AlphaTab\AlphaTab.projitems*{aba04ebe-36b2-469d-a025-16ba6131818e}*SharedItemsImports = 4
		Source\AlphaTab\AlphaTab.projitems*{8083b3bc-0681-47f2-9fbf-a5c96107f538}*SharedItemsImports = 13
		Source\AlphaTab\AlphaTab.projitems*{5cfb12fe-a2fc-4688-acb8-d68c2849f456}*SharedItemsImports = 4
	EndGlobalSection
	GlobalSection(SolutionConfigurationPlatforms) = preSolution
		Debug|Any CPU = Debug|Any CPU
		Release|Any CPU = Release|Any CPU
	EndGlobalSection
	GlobalSection(ProjectConfigurationPlatforms) = postSolution
		{5E999D26-CC10-4531-9253-88EB8B6DF0D6}.Debug|Any CPU.ActiveCfg = Debug|Any CPU
		{5E999D26-CC10-4531-9253-88EB8B6DF0D6}.Debug|Any CPU.Build.0 = Debug|Any CPU
		{5E999D26-CC10-4531-9253-88EB8B6DF0D6}.Release|Any CPU.ActiveCfg = Release|Any CPU
		{5E999D26-CC10-4531-9253-88EB8B6DF0D6}.Release|Any CPU.Build.0 = Release|Any CPU
		{5FFAB560-4428-43B6-B893-C869E9220D76}.Debug|Any CPU.ActiveCfg = Debug|Any CPU
		{5FFAB560-4428-43B6-B893-C869E9220D76}.Debug|Any CPU.Build.0 = Debug|Any CPU
		{5FFAB560-4428-43B6-B893-C869E9220D76}.Release|Any CPU.ActiveCfg = Release|Any CPU
		{5FFAB560-4428-43B6-B893-C869E9220D76}.Release|Any CPU.Build.0 = Release|Any CPU
		{4DF96479-E5B5-4F2F-AE14-C10AE0834934}.Debug|Any CPU.ActiveCfg = Debug|Any CPU
		{4DF96479-E5B5-4F2F-AE14-C10AE0834934}.Debug|Any CPU.Build.0 = Debug|Any CPU
		{4DF96479-E5B5-4F2F-AE14-C10AE0834934}.Release|Any CPU.ActiveCfg = Release|Any CPU
		{4DF96479-E5B5-4F2F-AE14-C10AE0834934}.Release|Any CPU.Build.0 = Release|Any CPU
		{CE8D9CE7-CC4F-403D-BA8E-7480138F6C23}.Debug|Any CPU.ActiveCfg = Debug|Any CPU
		{CE8D9CE7-CC4F-403D-BA8E-7480138F6C23}.Debug|Any CPU.Build.0 = Debug|Any CPU
		{CE8D9CE7-CC4F-403D-BA8E-7480138F6C23}.Release|Any CPU.ActiveCfg = Release|Any CPU
		{CE8D9CE7-CC4F-403D-BA8E-7480138F6C23}.Release|Any CPU.Build.0 = Release|Any CPU
		{C4C50EF4-3B08-4602-A776-846830FBF510}.Debug|Any CPU.ActiveCfg = Debug|Any CPU
		{C4C50EF4-3B08-4602-A776-846830FBF510}.Debug|Any CPU.Build.0 = Debug|Any CPU
		{C4C50EF4-3B08-4602-A776-846830FBF510}.Release|Any CPU.ActiveCfg = Release|Any CPU
		{C4C50EF4-3B08-4602-A776-846830FBF510}.Release|Any CPU.Build.0 = Release|Any CPU
		{353CA842-E917-4D69-A028-631958F72D4F}.Debug|Any CPU.ActiveCfg = Debug|Any CPU
		{353CA842-E917-4D69-A028-631958F72D4F}.Debug|Any CPU.Build.0 = Debug|Any CPU
		{353CA842-E917-4D69-A028-631958F72D4F}.Release|Any CPU.ActiveCfg = Release|Any CPU
		{353CA842-E917-4D69-A028-631958F72D4F}.Release|Any CPU.Build.0 = Release|Any CPU
		{A3F4711F-F386-43DD-8E6E-E7CE8B1F0B4C}.Debug|Any CPU.ActiveCfg = Debug|Any CPU
		{A3F4711F-F386-43DD-8E6E-E7CE8B1F0B4C}.Debug|Any CPU.Build.0 = Debug|Any CPU
		{A3F4711F-F386-43DD-8E6E-E7CE8B1F0B4C}.Release|Any CPU.ActiveCfg = Release|Any CPU
		{A3F4711F-F386-43DD-8E6E-E7CE8B1F0B4C}.Release|Any CPU.Build.0 = Release|Any CPU
		{D67B7435-D59C-40C6-B888-9DDD32740C98}.Debug|Any CPU.ActiveCfg = Debug|Any CPU
		{D67B7435-D59C-40C6-B888-9DDD32740C98}.Debug|Any CPU.Build.0 = Debug|Any CPU
		{D67B7435-D59C-40C6-B888-9DDD32740C98}.Release|Any CPU.ActiveCfg = Release|Any CPU
		{D67B7435-D59C-40C6-B888-9DDD32740C98}.Release|Any CPU.Build.0 = Release|Any CPU
		{29979A58-2622-4B55-890C-115D245F591B}.Debug|Any CPU.ActiveCfg = Debug|Any CPU
		{29979A58-2622-4B55-890C-115D245F591B}.Debug|Any CPU.Build.0 = Debug|Any CPU
		{29979A58-2622-4B55-890C-115D245F591B}.Release|Any CPU.ActiveCfg = Release|Any CPU
		{29979A58-2622-4B55-890C-115D245F591B}.Release|Any CPU.Build.0 = Release|Any CPU
		{ABA04EBE-36B2-469D-A025-16BA6131818E}.Debug|Any CPU.ActiveCfg = Debug|Any CPU
		{ABA04EBE-36B2-469D-A025-16BA6131818E}.Debug|Any CPU.Build.0 = Debug|Any CPU
		{ABA04EBE-36B2-469D-A025-16BA6131818E}.Release|Any CPU.ActiveCfg = Release|Any CPU
		{ABA04EBE-36B2-469D-A025-16BA6131818E}.Release|Any CPU.Build.0 = Release|Any CPU
		{5CFB12FE-A2FC-4688-ACB8-D68C2849F456}.Debug|Any CPU.ActiveCfg = Debug|Any CPU
		{5CFB12FE-A2FC-4688-ACB8-D68C2849F456}.Debug|Any CPU.Build.0 = Debug|Any CPU
		{5CFB12FE-A2FC-4688-ACB8-D68C2849F456}.Release|Any CPU.ActiveCfg = Release|Any CPU
		{5CFB12FE-A2FC-4688-ACB8-D68C2849F456}.Release|Any CPU.Build.0 = Release|Any CPU
		{30FEEA12-2E8E-4077-8C21-D8E5CD56B800}.Debug|Any CPU.ActiveCfg = Debug|Any CPU
		{30FEEA12-2E8E-4077-8C21-D8E5CD56B800}.Debug|Any CPU.Build.0 = Debug|Any CPU
		{30FEEA12-2E8E-4077-8C21-D8E5CD56B800}.Release|Any CPU.ActiveCfg = Release|Any CPU
		{30FEEA12-2E8E-4077-8C21-D8E5CD56B800}.Release|Any CPU.Build.0 = Release|Any CPU
	EndGlobalSection
	GlobalSection(SolutionProperties) = preSolution
		HideSolutionNode = FALSE
	EndGlobalSection
	GlobalSection(NestedProjects) = preSolution
		{0F4187B8-D34E-475D-8656-06F739E31DB3} = {B124E22D-BC49-4254-A641-37F1FD2B58F8}
		{5FFAB560-4428-43B6-B893-C869E9220D76} = {0F4187B8-D34E-475D-8656-06F739E31DB3}
		{4DF96479-E5B5-4F2F-AE14-C10AE0834934} = {0F4187B8-D34E-475D-8656-06F739E31DB3}
		{CE8D9CE7-CC4F-403D-BA8E-7480138F6C23} = {0F4187B8-D34E-475D-8656-06F739E31DB3}
		{C4C50EF4-3B08-4602-A776-846830FBF510} = {0F4187B8-D34E-475D-8656-06F739E31DB3}
		{353CA842-E917-4D69-A028-631958F72D4F} = {0F4187B8-D34E-475D-8656-06F739E31DB3}
		{A3F4711F-F386-43DD-8E6E-E7CE8B1F0B4C} = {49FB227C-950C-49E1-8740-0ABBC3FF2942}
		{D67B7435-D59C-40C6-B888-9DDD32740C98} = {49FB227C-950C-49E1-8740-0ABBC3FF2942}
		{29979A58-2622-4B55-890C-115D245F591B} = {49FB227C-950C-49E1-8740-0ABBC3FF2942}
		{30FEEA12-2E8E-4077-8C21-D8E5CD56B800} = {0F4187B8-D34E-475D-8656-06F739E31DB3}
	EndGlobalSection
EndGlobal
