
Microsoft Visual Studio Solution File, Format Version 12.00
# Visual Studio 2013
VisualStudioVersion = 12.0.21005.1
MinimumVisualStudioVersion = 10.0.40219.1
Project("{2150E333-8FDC-42A3-9474-1A3956D46DE8}") = "Samples", "Samples", "{B124E22D-BC49-4254-A641-37F1FD2B58F8}"
EndProject
Project("{FAE04EC0-301F-11D3-BF4B-00C04F79EFBC}") = "AlphaTab.Test", "Source\AlphaTab.Test\AlphaTab.Test.csproj", "{5E999D26-CC10-4531-9253-88EB8B6DF0D6}"
EndProject
Project("{2150E333-8FDC-42A3-9474-1A3956D46DE8}") = "CSharp", "CSharp", "{0F4187B8-D34E-475D-8656-06F739E31DB3}"
EndProject
Project("{FAE04EC0-301F-11D3-BF4B-00C04F79EFBC}") = "AlphaTab.WinForms", "Samples\CSharp\AlphaTab.WinForms\AlphaTab.WinForms.csproj", "{5FFAB560-4428-43B6-B893-C869E9220D76}"
EndProject
Project("{FAE04EC0-301F-11D3-BF4B-00C04F79EFBC}") = "AlphaTab.MidiDump", "Samples\CSharp\AlphaTab.MidiDump\AlphaTab.MidiDump.csproj", "{4DF96479-E5B5-4F2F-AE14-C10AE0834934}"
EndProject
Project("{FAE04EC0-301F-11D3-BF4B-00C04F79EFBC}") = "AlphaTab.PngDump", "Samples\CSharp\AlphaTab.PngDump\AlphaTab.PngDump.csproj", "{CE8D9CE7-CC4F-403D-BA8E-7480138F6C23}"
EndProject
Project("{FAE04EC0-301F-11D3-BF4B-00C04F79EFBC}") = "AlphaTab.ScoreDump", "Samples\CSharp\AlphaTab.ScoreDump\AlphaTab.ScoreDump.csproj", "{C4C50EF4-3B08-4602-A776-846830FBF510}"
EndProject
Project("{FAE04EC0-301F-11D3-BF4B-00C04F79EFBC}") = "AlphaTab.SvgDump", "Samples\CSharp\AlphaTab.SvgDump\AlphaTab.SvgDump.csproj", "{353CA842-E917-4D69-A028-631958F72D4F}"
EndProject
Project("{FAE04EC0-301F-11D3-BF4B-00C04F79EFBC}") = "AlphaTab.Wpf.Canvas", "Samples\CSharp\AlphaTab.Wpf.Canvas\AlphaTab.Wpf.Canvas.csproj", "{369360CB-E1FC-4749-B5AD-3326DD5A5357}"
EndProject
Project("{FAE04EC0-301F-11D3-BF4B-00C04F79EFBC}") = "AlphaTab.Wpf.Gdi", "Samples\CSharp\AlphaTab.Wpf.Gdi\AlphaTab.Wpf.Gdi.csproj", "{30FEEA12-2E8E-4077-8C21-D8E5CD56B800}"
EndProject
Project("{FAE04EC0-301F-11D3-BF4B-00C04F79EFBC}") = "AlphaTab.Wpf.Share", "Samples\CSharp\AlphaTab.Wpf.Share\AlphaTab.Wpf.Share.csproj", "{0204D916-F0C3-41E2-9D81-B13D41D9F748}"
EndProject
Project("{2150E333-8FDC-42A3-9474-1A3956D46DE8}") = "Solution Items", "Solution Items", "{25C1939B-CD65-4D67-B219-1499A6B6B90F}"
	ProjectSection(SolutionItems) = preProject
		AlphaTab.targets = AlphaTab.targets
		Build\JavaScript\jquery.alphaTab.alphaSynth.js = Build\JavaScript\jquery.alphaTab.alphaSynth.js
		Build\JavaScript\jquery.alphaTab.js = Build\JavaScript\jquery.alphaTab.js
	EndProjectSection
EndProject
Project("{FAE04EC0-301F-11D3-BF4B-00C04F79EFBC}") = "AlphaTab", "Source\AlphaTab\AlphaTab.csproj", "{C5C9CA45-D7BC-41F5-B9E1-97731858CE10}"
EndProject
Global
	GlobalSection(SolutionConfigurationPlatforms) = preSolution
		Debug|Any CPU = Debug|Any CPU
		Release|Any CPU = Release|Any CPU
	EndGlobalSection
	GlobalSection(ProjectConfigurationPlatforms) = postSolution
		{5E999D26-CC10-4531-9253-88EB8B6DF0D6}.Debug|Any CPU.ActiveCfg = Debug|Any CPU
		{5E999D26-CC10-4531-9253-88EB8B6DF0D6}.Debug|Any CPU.Build.0 = Debug|Any CPU
		{5E999D26-CC10-4531-9253-88EB8B6DF0D6}.Release|Any CPU.ActiveCfg = Release|Any CPU
		{5E999D26-CC10-4531-9253-88EB8B6DF0D6}.Release|Any CPU.Build.0 = Release|Any CPU
		{5FFAB560-4428-43B6-B893-C869E9220D76}.Debug|Any CPU.ActiveCfg = Debug|Any CPU
		{5FFAB560-4428-43B6-B893-C869E9220D76}.Debug|Any CPU.Build.0 = Debug|Any CPU
		{5FFAB560-4428-43B6-B893-C869E9220D76}.Release|Any CPU.ActiveCfg = Release|Any CPU
		{5FFAB560-4428-43B6-B893-C869E9220D76}.Release|Any CPU.Build.0 = Release|Any CPU
		{4DF96479-E5B5-4F2F-AE14-C10AE0834934}.Debug|Any CPU.ActiveCfg = Debug|Any CPU
		{4DF96479-E5B5-4F2F-AE14-C10AE0834934}.Debug|Any CPU.Build.0 = Debug|Any CPU
		{4DF96479-E5B5-4F2F-AE14-C10AE0834934}.Release|Any CPU.ActiveCfg = Release|Any CPU
		{4DF96479-E5B5-4F2F-AE14-C10AE0834934}.Release|Any CPU.Build.0 = Release|Any CPU
		{CE8D9CE7-CC4F-403D-BA8E-7480138F6C23}.Debug|Any CPU.ActiveCfg = Debug|Any CPU
		{CE8D9CE7-CC4F-403D-BA8E-7480138F6C23}.Debug|Any CPU.Build.0 = Debug|Any CPU
		{CE8D9CE7-CC4F-403D-BA8E-7480138F6C23}.Release|Any CPU.ActiveCfg = Release|Any CPU
		{CE8D9CE7-CC4F-403D-BA8E-7480138F6C23}.Release|Any CPU.Build.0 = Release|Any CPU
		{C4C50EF4-3B08-4602-A776-846830FBF510}.Debug|Any CPU.ActiveCfg = Debug|Any CPU
		{C4C50EF4-3B08-4602-A776-846830FBF510}.Debug|Any CPU.Build.0 = Debug|Any CPU
		{C4C50EF4-3B08-4602-A776-846830FBF510}.Release|Any CPU.ActiveCfg = Release|Any CPU
		{C4C50EF4-3B08-4602-A776-846830FBF510}.Release|Any CPU.Build.0 = Release|Any CPU
		{353CA842-E917-4D69-A028-631958F72D4F}.Debug|Any CPU.ActiveCfg = Debug|Any CPU
		{353CA842-E917-4D69-A028-631958F72D4F}.Debug|Any CPU.Build.0 = Debug|Any CPU
		{353CA842-E917-4D69-A028-631958F72D4F}.Release|Any CPU.ActiveCfg = Release|Any CPU
		{353CA842-E917-4D69-A028-631958F72D4F}.Release|Any CPU.Build.0 = Release|Any CPU
		{369360CB-E1FC-4749-B5AD-3326DD5A5357}.Debug|Any CPU.ActiveCfg = Debug|Any CPU
		{369360CB-E1FC-4749-B5AD-3326DD5A5357}.Debug|Any CPU.Build.0 = Debug|Any CPU
		{369360CB-E1FC-4749-B5AD-3326DD5A5357}.Release|Any CPU.ActiveCfg = Release|Any CPU
		{369360CB-E1FC-4749-B5AD-3326DD5A5357}.Release|Any CPU.Build.0 = Release|Any CPU
		{30FEEA12-2E8E-4077-8C21-D8E5CD56B800}.Debug|Any CPU.ActiveCfg = Debug|Any CPU
		{30FEEA12-2E8E-4077-8C21-D8E5CD56B800}.Debug|Any CPU.Build.0 = Debug|Any CPU
		{30FEEA12-2E8E-4077-8C21-D8E5CD56B800}.Release|Any CPU.ActiveCfg = Release|Any CPU
		{30FEEA12-2E8E-4077-8C21-D8E5CD56B800}.Release|Any CPU.Build.0 = Release|Any CPU
		{0204D916-F0C3-41E2-9D81-B13D41D9F748}.Debug|Any CPU.ActiveCfg = Debug|Any CPU
		{0204D916-F0C3-41E2-9D81-B13D41D9F748}.Debug|Any CPU.Build.0 = Debug|Any CPU
		{0204D916-F0C3-41E2-9D81-B13D41D9F748}.Release|Any CPU.ActiveCfg = Release|Any CPU
		{0204D916-F0C3-41E2-9D81-B13D41D9F748}.Release|Any CPU.Build.0 = Release|Any CPU
		{C5C9CA45-D7BC-41F5-B9E1-97731858CE10}.Debug|Any CPU.ActiveCfg = Debug|Any CPU
		{C5C9CA45-D7BC-41F5-B9E1-97731858CE10}.Debug|Any CPU.Build.0 = Debug|Any CPU
		{C5C9CA45-D7BC-41F5-B9E1-97731858CE10}.Release|Any CPU.ActiveCfg = Release|Any CPU
		{C5C9CA45-D7BC-41F5-B9E1-97731858CE10}.Release|Any CPU.Build.0 = Release|Any CPU
	EndGlobalSection
	GlobalSection(SolutionProperties) = preSolution
		HideSolutionNode = FALSE
	EndGlobalSection
	GlobalSection(NestedProjects) = preSolution
		{0F4187B8-D34E-475D-8656-06F739E31DB3} = {B124E22D-BC49-4254-A641-37F1FD2B58F8}
		{5FFAB560-4428-43B6-B893-C869E9220D76} = {0F4187B8-D34E-475D-8656-06F739E31DB3}
		{4DF96479-E5B5-4F2F-AE14-C10AE0834934} = {0F4187B8-D34E-475D-8656-06F739E31DB3}
		{CE8D9CE7-CC4F-403D-BA8E-7480138F6C23} = {0F4187B8-D34E-475D-8656-06F739E31DB3}
		{C4C50EF4-3B08-4602-A776-846830FBF510} = {0F4187B8-D34E-475D-8656-06F739E31DB3}
		{353CA842-E917-4D69-A028-631958F72D4F} = {0F4187B8-D34E-475D-8656-06F739E31DB3}
		{369360CB-E1FC-4749-B5AD-3326DD5A5357} = {0F4187B8-D34E-475D-8656-06F739E31DB3}
		{30FEEA12-2E8E-4077-8C21-D8E5CD56B800} = {0F4187B8-D34E-475D-8656-06F739E31DB3}
		{0204D916-F0C3-41E2-9D81-B13D41D9F748} = {0F4187B8-D34E-475D-8656-06F739E31DB3}
	EndGlobalSection
EndGlobal
